
Microsoft Visual Studio Solution File, Format Version 12.00
# Visual Studio Version 17
VisualStudioVersion = 17.11.35327.3
MinimumVisualStudioVersion = 10.0.40219.1
Project("{FAE04EC0-301F-11D3-BF4B-00C04F79EFBC}") = "MarkdownAuthoring", "MarkdownAuthoring\MarkdownAuthoring.csproj", "{F141FF87-390D-47FB-A55C-6436D7E2DDEF}"
EndProject
Global
	GlobalSection(SolutionConfigurationPlatforms) = preSolution
		Debug|Any CPU = Debug|Any CPU
		Release|Any CPU = Release|Any CPU
	EndGlobalSection
	GlobalSection(ProjectConfigurationPlatforms) = postSolution
		{F141FF87-390D-47FB-A55C-6436D7E2DDEF}.Debug|Any CPU.ActiveCfg = Debug|Any CPU
		{F141FF87-390D-47FB-A55C-6436D7E2DDEF}.Debug|Any CPU.Build.0 = Debug|Any CPU
		{F141FF87-390D-47FB-A55C-6436D7E2DDEF}.Release|Any CPU.ActiveCfg = Release|Any CPU
		{F141FF87-390D-47FB-A55C-6436D7E2DDEF}.Release|Any CPU.Build.0 = Release|Any CPU
	EndGlobalSection
	GlobalSection(SolutionProperties) = preSolution
		HideSolutionNode = FALSE
	EndGlobalSection
	GlobalSection(ExtensibilityGlobals) = postSolution
		SolutionGuid = {5E4802E8-AEB2-4527-A0EA-5BE8AC8EC196}
	EndGlobalSection
EndGlobal
